
Microsoft Visual Studio Solution File, Format Version 12.00
# Visual Studio Version 17
VisualStudioVersion = 17.11.35222.181
MinimumVisualStudioVersion = 10.0.40219.1
Project("{FAE04EC0-301F-11D3-BF4B-00C04F79EFBC}") = "Meses", "Meses\Meses.csproj", "{05DBD632-4CD8-4A50-B1D3-76FFCEE4FFCC}"
EndProject
Global
	GlobalSection(SolutionConfigurationPlatforms) = preSolution
		Debug|Any CPU = Debug|Any CPU
		Release|Any CPU = Release|Any CPU
	EndGlobalSection
	GlobalSection(ProjectConfigurationPlatforms) = postSolution
		{05DBD632-4CD8-4A50-B1D3-76FFCEE4FFCC}.Debug|Any CPU.ActiveCfg = Debug|Any CPU
		{05DBD632-4CD8-4A50-B1D3-76FFCEE4FFCC}.Debug|Any CPU.Build.0 = Debug|Any CPU
		{05DBD632-4CD8-4A50-B1D3-76FFCEE4FFCC}.Release|Any CPU.ActiveCfg = Release|Any CPU
		{05DBD632-4CD8-4A50-B1D3-76FFCEE4FFCC}.Release|Any CPU.Build.0 = Release|Any CPU
	EndGlobalSection
	GlobalSection(SolutionProperties) = preSolution
		HideSolutionNode = FALSE
	EndGlobalSection
	GlobalSection(ExtensibilityGlobals) = postSolution
		SolutionGuid = {54D84A58-773C-4372-9F0A-8AF2C99AFB3C}
	EndGlobalSection
EndGlobal
